
Microsoft Visual Studio Solution File, Format Version 12.00
# Visual Studio 2013
VisualStudioVersion = 12.0.21005.1
MinimumVisualStudioVersion = 10.0.40219.1
Project("{FAE04EC0-301F-11D3-BF4B-00C04F79EFBC}") = "KrystalSharp", "KrystalSharp.csproj", "{A5938E38-59D5-4F9A-9102-23232C45BB25}"
EndProject
Project("{2150E333-8FDC-42A3-9474-1A3956D46DE8}") = ".nuget", ".nuget", "{B29147E8-68F0-4EA8-BF4B-3C6E8A56A30A}"
	ProjectSection(SolutionItems) = preProject
		.nuget\NuGet.Config = .nuget\NuGet.Config
		.nuget\NuGet.exe = .nuget\NuGet.exe
		.nuget\NuGet.targets = .nuget\NuGet.targets
	EndProjectSection
EndProject
Global
	GlobalSection(SolutionConfigurationPlatforms) = preSolution
		Debug|Any CPU = Debug|Any CPU
		Release|Any CPU = Release|Any CPU
	EndGlobalSection
	GlobalSection(ProjectConfigurationPlatforms) = postSolution
		{A5938E38-59D5-4F9A-9102-23232C45BB25}.Debug|Any CPU.ActiveCfg = Debug|Any CPU
		{A5938E38-59D5-4F9A-9102-23232C45BB25}.Debug|Any CPU.Build.0 = Debug|Any CPU
		{A5938E38-59D5-4F9A-9102-23232C45BB25}.Release|Any CPU.ActiveCfg = Release|Any CPU
		{A5938E38-59D5-4F9A-9102-23232C45BB25}.Release|Any CPU.Build.0 = Release|Any CPU
	EndGlobalSection
	GlobalSection(SolutionProperties) = preSolution
		HideSolutionNode = FALSE
	EndGlobalSection
EndGlobal
